
Microsoft Visual Studio Solution File, Format Version 12.00
# Visual Studio Version 16
VisualStudioVersion = 16.0.31729.503
MinimumVisualStudioVersion = 10.0.40219.1
Project("{FAE04EC0-301F-11D3-BF4B-00C04F79EFBC}") = "LotusProject", "LotusProject\LotusProject.csproj", "{F746A9D7-00BE-46A4-ACD5-281EE3C86156}"
EndProject
Project("{2150E333-8FDC-42A3-9474-1A3956D46DE8}") = "Solution Items", "Solution Items", "{2492B43E-146F-43D5-87E0-B4581F8FD4BB}"
	ProjectSection(SolutionItems) = preProject
		.editorconfig = .editorconfig
	EndProjectSection
EndProject
Global
	GlobalSection(SolutionConfigurationPlatforms) = preSolution
		Debug|Any CPU = Debug|Any CPU
		Release|Any CPU = Release|Any CPU
	EndGlobalSection
	GlobalSection(ProjectConfigurationPlatforms) = postSolution
		{F746A9D7-00BE-46A4-ACD5-281EE3C86156}.Debug|Any CPU.ActiveCfg = Debug|Any CPU
		{F746A9D7-00BE-46A4-ACD5-281EE3C86156}.Debug|Any CPU.Build.0 = Debug|Any CPU
		{F746A9D7-00BE-46A4-ACD5-281EE3C86156}.Release|Any CPU.ActiveCfg = Release|Any CPU
		{F746A9D7-00BE-46A4-ACD5-281EE3C86156}.Release|Any CPU.Build.0 = Release|Any CPU
	EndGlobalSection
	GlobalSection(SolutionProperties) = preSolution
		HideSolutionNode = FALSE
	EndGlobalSection
	GlobalSection(ExtensibilityGlobals) = postSolution
		SolutionGuid = {5F44810B-7E46-4D17-96B6-B126245391B8}
	EndGlobalSection
EndGlobal
